
Microsoft Visual Studio Solution File, Format Version 12.00
# Visual Studio Version 17
VisualStudioVersion = 17.4.33403.182
MinimumVisualStudioVersion = 10.0.40219.1
Project("{FAE04EC0-301F-11D3-BF4B-00C04F79EFBC}") = "HelloWorld", "HelloWorld\HelloWorld.csproj", "{226F85A2-3C12-4697-BEFC-28168E60B6F0}"
EndProject
Global
	GlobalSection(SolutionConfigurationPlatforms) = preSolution
		Debug|Any CPU = Debug|Any CPU
		Release|Any CPU = Release|Any CPU
	EndGlobalSection
	GlobalSection(ProjectConfigurationPlatforms) = postSolution
		{226F85A2-3C12-4697-BEFC-28168E60B6F0}.Debug|Any CPU.ActiveCfg = Debug|Any CPU
		{226F85A2-3C12-4697-BEFC-28168E60B6F0}.Debug|Any CPU.Build.0 = Debug|Any CPU
		{226F85A2-3C12-4697-BEFC-28168E60B6F0}.Release|Any CPU.ActiveCfg = Release|Any CPU
		{226F85A2-3C12-4697-BEFC-28168E60B6F0}.Release|Any CPU.Build.0 = Release|Any CPU
	EndGlobalSection
	GlobalSection(SolutionProperties) = preSolution
		HideSolutionNode = FALSE
	EndGlobalSection
	GlobalSection(ExtensibilityGlobals) = postSolution
		SolutionGuid = {A14B5EEC-5E3D-4A3A-A604-2A6A8D3981BE}
	EndGlobalSection
EndGlobal
